
Microsoft Visual Studio Solution File, Format Version 12.00
# Visual Studio 15
VisualStudioVersion = 15.0.28010.2046
MinimumVisualStudioVersion = 10.0.40219.1
Project("{FAE04EC0-301F-11D3-BF4B-00C04F79EFBC}") = "UnitTestProject4", "UnitTestProject4\UnitTestProject4.csproj", "{161E8E54-8DCE-486B-A741-97326A0E2077}"
EndProject
Global
	GlobalSection(SolutionConfigurationPlatforms) = preSolution
		Debug|Any CPU = Debug|Any CPU
		Release|Any CPU = Release|Any CPU
	EndGlobalSection
	GlobalSection(ProjectConfigurationPlatforms) = postSolution
		{161E8E54-8DCE-486B-A741-97326A0E2077}.Debug|Any CPU.ActiveCfg = Debug|Any CPU
		{161E8E54-8DCE-486B-A741-97326A0E2077}.Debug|Any CPU.Build.0 = Debug|Any CPU
		{161E8E54-8DCE-486B-A741-97326A0E2077}.Release|Any CPU.ActiveCfg = Release|Any CPU
		{161E8E54-8DCE-486B-A741-97326A0E2077}.Release|Any CPU.Build.0 = Release|Any CPU
	EndGlobalSection
	GlobalSection(SolutionProperties) = preSolution
		HideSolutionNode = FALSE
	EndGlobalSection
	GlobalSection(ExtensibilityGlobals) = postSolution
		SolutionGuid = {548DBEFB-7A8E-4449-81E6-008783BDCE89}
	EndGlobalSection
EndGlobal
